// !$*UTF8*$!
{
	archiveVersion = 1;
	classes = {
	};
	objectVersion = 50;
	objects = {

/* Begin PBXBuildFile section */
		FEB7A6AA241A350F0042FC1E /* AppDelegate.swift in Sources */ = {isa = PBXBuildFile; fileRef = FEB7A6A9241A350F0042FC1E /* AppDelegate.swift */; };
		FEB7A6AC241A350F0042FC1E /* SceneDelegate.swift in Sources */ = {isa = PBXBuildFile; fileRef = FEB7A6AB241A350F0042FC1E /* SceneDelegate.swift */; };
		FEB7A6AE241A350F0042FC1E /* ViewController.swift in Sources */ = {isa = PBXBuildFile; fileRef = FEB7A6AD241A350F0042FC1E /* ViewController.swift */; };
		FEB7A6B1241A350F0042FC1E /* Main.storyboard in Resources */ = {isa = PBXBuildFile; fileRef = FEB7A6AF241A350F0042FC1E /* Main.storyboard */; };
		FEB7A6B3241A35110042FC1E /* Assets.xcassets in Resources */ = {isa = PBXBuildFile; fileRef = FEB7A6B2241A35110042FC1E /* Assets.xcassets */; };
		FEB7A6B6241A35110042FC1E /* LaunchScreen.storyboard in Resources */ = {isa = PBXBuildFile; fileRef = FEB7A6B4241A35110042FC1E /* LaunchScreen.storyboard */; };
		FEB7A6BE241A3B100042FC1E /* secondViewController.swift in Sources */ = {isa = PBXBuildFile; fileRef = FEB7A6BD241A3B100042FC1E /* secondViewController.swift */; };
/* End PBXBuildFile section */

/* Begin PBXFileReference section */
		FEB7A6A6241A350F0042FC1E /* nc2SegueExercise.app */ = {isa = PBXFileReference; explicitFileType = wrapper.application; includeInIndex = 0; path = nc2SegueExercise.app; sourceTree = BUILT_PRODUCTS_DIR; };
		FEB7A6A9241A350F0042FC1E /* AppDelegate.swift */ = {isa = PBXFileReference; lastKnownFileType = sourcecode.swift; path = AppDelegate.swift; sourceTree = "<group>"; };
		FEB7A6AB241A350F0042FC1E /* SceneDelegate.swift */ = {isa = PBXFileReference; lastKnownFileType = sourcecode.swift; path = SceneDelegate.swift; sourceTree = "<group>"; };
		FEB7A6AD241A350F0042FC1E /* ViewController.swift */ = {isa = PBXFileReference; lastKnownFileType = sourcecode.swift; path = ViewController.swift; sourceTree = "<group>"; };
		FEB7A6B0241A350F0042FC1E /* Base */ = {isa = PBXFileReference; lastKnownFileType = file.storyboard; name = Base; path = Base.lproj/Main.storyboard; sourceTree = "<group>"; };
		FEB7A6B2241A35110042FC1E /* Assets.xcassets */ = {isa = PBXFileReference; lastKnownFileType = folder.assetcatalog; path = Assets.xcassets; sourceTree = "<group>"; };
		FEB7A6B5241A35110042FC1E /* Base */ = {isa = PBXFileReference; lastKnownFileType = file.storyboard; name = Base; path = Base.lproj/LaunchScreen.storyboard; sourceTree = "<group>"; };
		FEB7A6B7241A35110042FC1E /* Info.plist */ = {isa = PBXFileReference; lastKnownFileType = text.plist.xml; path = Info.plist; sourceTree = "<group>"; };
		FEB7A6BD241A3B100042FC1E /* secondViewController.swift */ = {isa = PBXFileReference; lastKnownFileType = sourcecode.swift; path = secondViewController.swift; sourceTree = "<group>"; };
/* End PBXFileReference section */

/* Begin PBXFrameworksBuildPhase section */
		FEB7A6A3241A350F0042FC1E /* Frameworks */ = {
			isa = PBXFrameworksBuildPhase;
			buildActionMask = 2147483647;
			files = (
			);
			runOnlyForDeploymentPostprocessing = 0;
		};
/* End PBXFrameworksBuildPhase section */

/* Begin PBXGroup section */
		FEB7A69D241A350F0042FC1E = {
			isa = PBXGroup;
			children = (
				FEB7A6A8241A350F0042FC1E /* nc2SegueExercise */,
				FEB7A6A7241A350F0042FC1E /* Products */,
			);
			sourceTree = "<group>";
		};
		FEB7A6A7241A350F0042FC1E /* Products */ = {
			isa = PBXGroup;
			children = (
				FEB7A6A6241A350F0042FC1E /* nc2SegueExercise.app */,
			);
			name = Products;
			sourceTree = "<group>";
		};
		FEB7A6A8241A350F0042FC1E /* nc2SegueExercise */ = {
			isa = PBXGroup;
			children = (
				FEB7A6A9241A350F0042FC1E /* AppDelegate.swift */,
				FEB7A6AB241A350F0042FC1E /* SceneDelegate.swift */,
				FEB7A6AD241A350F0042FC1E /* ViewController.swift */,
				FEB7A6AF241A350F0042FC1E /* Main.storyboard */,
				FEB7A6B2241A35110042FC1E /* Assets.xcassets */,
				FEB7A6B4241A35110042FC1E /* LaunchScreen.storyboard */,
				FEB7A6B7241A35110042FC1E /* Info.plist */,
				FEB7A6BD241A3B100042FC1E /* secondViewController.swift */,
			);
			path = nc2SegueExercise;
			sourceTree = "<group>";
		};
/* End PBXGroup section */

/* Begin PBXNativeTarget section */
		FEB7A6A5241A350F0042FC1E /* nc2SegueExercise */ = {
			isa = PBXNativeTarget;
			buildConfigurationList = FEB7A6BA241A35110042FC1E /* Build configuration list for PBXNativeTarget "nc2SegueExercise" */;
			buildPhases = (
				FEB7A6A2241A350F0042FC1E /* Sources */,
				FEB7A6A3241A350F0042FC1E /* Frameworks */,
				FEB7A6A4241A350F0042FC1E /* Resources */,
			);
			buildRules = (
			);
			dependencies = (
			);
			name = nc2SegueExercise;
			productName = nc2SegueExercise;
			productReference = FEB7A6A6241A350F0042FC1E /* nc2SegueExercise.app */;
			productType = "com.apple.product-type.application";
		};
/* End PBXNativeTarget section */

/* Begin PBXProject section */
		FEB7A69E241A350F0042FC1E /* Project object */ = {
			isa = PBXProject;
			attributes = {
				LastSwiftUpdateCheck = 1130;
				LastUpgradeCheck = 1130;
				ORGANIZATIONNAME = "Firza Ilhami";
				TargetAttributes = {
					FEB7A6A5241A350F0042FC1E = {
						CreatedOnToolsVersion = 11.3.1;
					};
				};
			};
			buildConfigurationList = FEB7A6A1241A350F0042FC1E /* Build configuration list for PBXProject "nc2SegueExercise" */;
			compatibilityVersion = "Xcode 9.3";
			developmentRegion = en;
			hasScannedForEncodings = 0;
			knownRegions = (
				en,
				Base,
			);
			mainGroup = FEB7A69D241A350F0042FC1E;
			productRefGroup = FEB7A6A7241A350F0042FC1E /* Products */;
			projectDirPath = "";
			projectRoot = "";
			targets = (
				FEB7A6A5241A350F0042FC1E /* nc2SegueExercise */,
			);
		};
/* End PBXProject section */

/* Begin PBXResourcesBuildPhase section */
		FEB7A6A4241A350F0042FC1E /* Resources */ = {
			isa = PBXResourcesBuildPhase;
			buildActionMask = 2147483647;
			files = (
				FEB7A6B6241A35110042FC1E /* LaunchScreen.storyboard in Resources */,
				FEB7A6B3241A35110042FC1E /* Assets.xcassets in Resources */,
				FEB7A6B1241A350F0042FC1E /* Main.storyboard in Resources */,
			);
			runOnlyForDeploymentPostprocessing = 0;
		};
/* End PBXResourcesBuildPhase section */

/* Begin PBXSourcesBuildPhase section */
		FEB7A6A2241A350F0042FC1E /* Sources */ = {
			isa = PBXSourcesBuildPhase;
			buildActionMask = 2147483647;
			files = (
				FEB7A6BE241A3B100042FC1E /* secondViewController.swift in Sources */,
				FEB7A6AE241A350F0042FC1E /* ViewController.swift in Sources */,
				FEB7A6AA241A350F0042FC1E /* AppDelegate.swift in Sources */,
				FEB7A6AC241A350F0042FC1E /* SceneDelegate.swift in Sources */,
			);
			runOnlyForDeploymentPostprocessing = 0;
		};
/* End PBXSourcesBuildPhase section */

/* Begin PBXVariantGroup section */
		FEB7A6AF241A350F0042FC1E /* Main.storyboard */ = {
			isa = PBXVariantGroup;
			children = (
				FEB7A6B0241A350F0042FC1E /* Base */,
			);
			name = Main.storyboard;
			sourceTree = "<group>";
		};
		FEB7A6B4241A35110042FC1E /* LaunchScreen.storyboard */ = {
			isa = PBXVariantGroup;
			children = (
				FEB7A6B5241A35110042FC1E /* Base */,
			);
			name = LaunchScreen.storyboard;
			sourceTree = "<group>";
		};
/* End PBXVariantGroup section */

/* Begin XCBuildConfiguration section */
		FEB7A6B8241A35110042FC1E /* Debug */ = {
			isa = XCBuildConfiguration;
			buildSettings = {
				ALWAYS_SEARCH_USER_PATHS = NO;
				CLANG_ANALYZER_NONNULL = YES;
				CLANG_ANALYZER_NUMBER_OBJECT_CONVERSION = YES_AGGRESSIVE;
				CLANG_CXX_LANGUAGE_STANDARD = "gnu++14";
				CLANG_CXX_LIBRARY = "libc++";
				CLANG_ENABLE_MODULES = YES;
				CLANG_ENABLE_OBJC_ARC = YES;
				CLANG_ENABLE_OBJC_WEAK = YES;
				CLANG_WARN_BLOCK_CAPTURE_AUTORELEASING = YES;
				CLANG_WARN_BOOL_CONVERSION = YES;
				CLANG_WARN_COMMA = YES;
				CLANG_WARN_CONSTANT_CONVERSION = YES;
				CLANG_WARN_DEPRECATED_OBJC_IMPLEMENTATIONS = YES;
				CLANG_WARN_DIRECT_OBJC_ISA_USAGE = YES_ERROR;
				CLANG_WARN_DOCUMENTATION_COMMENTS = YES;
				CLANG_WARN_EMPTY_BODY = YES;
				CLANG_WARN_ENUM_CONVERSION = YES;
				CLANG_WARN_INFINITE_RECURSION = YES;
				CLANG_WARN_INT_CONVERSION = YES;
				CLANG_WARN_NON_LITERAL_NULL_CONVERSION = YES;
				CLANG_WARN_OBJC_IMPLICIT_RETAIN_SELF = YES;
				CLANG_WARN_OBJC_LITERAL_CONVERSION = YES;
				CLANG_WARN_OBJC_ROOT_CLASS = YES_ERROR;
				CLANG_WARN_RANGE_LOOP_ANALYSIS = YES;
				CLANG_WARN_STRICT_PROTOTYPES = YES;
				CLANG_WARN_SUSPICIOUS_MOVE = YES;
				CLANG_WARN_UNGUARDED_AVAILABILITY = YES_AGGRESSIVE;
				CLANG_WARN_UNREACHABLE_CODE = YES;
				CLANG_WARN__DUPLICATE_METHOD_MATCH = YES;
				COPY_PHASE_STRIP = NO;
				DEBUG_INFORMATION_FORMAT = dwarf;
				ENABLE_STRICT_OBJC_MSGSEND = YES;
				ENABLE_TESTABILITY = YES;
				GCC_C_LANGUAGE_STANDARD = gnu11;
				GCC_DYNAMIC_NO_PIC = NO;
				GCC_NO_COMMON_BLOCKS = YES;
				GCC_OPTIMIZATION_LEVEL = 0;
				GCC_PREPROCESSOR_DEFINITIONS = (
					"DEBUG=1",
					"$(inherited)",
				);
				GCC_WARN_64_TO_32_BIT_CONVERSION = YES;
				GCC_WARN_ABOUT_RETURN_TYPE = YES_ERROR;
				GCC_WARN_UNDECLARED_SELECTOR = YES;
				GCC_WARN_UNINITIALIZED_AUTOS = YES_AGGRESSIVE;
				GCC_WARN_UNUSED_FUNCTION = YES;
				GCC_WARN_UNUSED_VARIABLE = YES;
				IPHONEOS_DEPLOYMENT_TARGET = 13.2;
				MTL_ENABLE_DEBUG_INFO = INCLUDE_SOURCE;
				MTL_FAST_MATH = YES;
				ONLY_ACTIVE_ARCH = YES;
				SDKROOT = iphoneos;
				SWIFT_ACTIVE_COMPILATION_CONDITIONS = DEBUG;
				SWIFT_OPTIMIZATION_LEVEL = "-Onone";
			};
			name = Debug;
		};
		FEB7A6B9241A35110042FC1E /* Release */ = {
			isa = XCBuildConfiguration;
			buildSettings = {
				ALWAYS_SEARCH_USER_PATHS = NO;
				CLANG_ANALYZER_NONNULL = YES;
				CLANG_ANALYZER_NUMBER_OBJECT_CONVERSION = YES_AGGRESSIVE;
				CLANG_CXX_LANGUAGE_STANDARD = "gnu++14";
				CLANG_CXX_LIBRARY = "libc++";
				CLANG_ENABLE_MODULES = YES;
				CLANG_ENABLE_OBJC_ARC = YES;
				CLANG_ENABLE_OBJC_WEAK = YES;
				CLANG_WARN_BLOCK_CAPTURE_AUTORELEASING = YES;
				CLANG_WARN_BOOL_CONVERSION = YES;
				CLANG_WARN_COMMA = YES;
				CLANG_WARN_CONSTANT_CONVERSION = YES;
				CLANG_WARN_DEPRECATED_OBJC_IMPLEMENTATIONS = YES;
				CLANG_WARN_DIRECT_OBJC_ISA_USAGE = YES_ERROR;
				CLANG_WARN_DOCUMENTATION_COMMENTS = YES;
				CLANG_WARN_EMPTY_BODY = YES;
				CLANG_WARN_ENUM_CONVERSION = YES;
				CLANG_WARN_INFINITE_RECURSION = YES;
				CLANG_WARN_INT_CONVERSION = YES;
				CLANG_WARN_NON_LITERAL_NULL_CONVERSION = YES;
				CLANG_WARN_OBJC_IMPLICIT_RETAIN_SELF = YES;
				CLANG_WARN_OBJC_LITERAL_CONVERSION = YES;
				CLANG_WARN_OBJC_ROOT_CLASS = YES_ERROR;
				CLANG_WARN_RANGE_LOOP_ANALYSIS = YES;
				CLANG_WARN_STRICT_PROTOTYPES = YES;
				CLANG_WARN_SUSPICIOUS_MOVE = YES;
				CLANG_WARN_UNGUARDED_AVAILABILITY = YES_AGGRESSIVE;
				CLANG_WARN_UNREACHABLE_CODE = YES;
				CLANG_WARN__DUPLICATE_METHOD_MATCH = YES;
				COPY_PHASE_STRIP = NO;
				DEBUG_INFORMATION_FORMAT = "dwarf-with-dsym";
				ENABLE_NS_ASSERTIONS = NO;
				ENABLE_STRICT_OBJC_MSGSEND = YES;
				GCC_C_LANGUAGE_STANDARD = gnu11;
				GCC_NO_COMMON_BLOCKS = YES;
				GCC_WARN_64_TO_32_BIT_CONVERSION = YES;
				GCC_WARN_ABOUT_RETURN_TYPE = YES_ERROR;
				GCC_WARN_UNDECLARED_SELECTOR = YES;
				GCC_WARN_UNINITIALIZED_AUTOS = YES_AGGRESSIVE;
				GCC_WARN_UNUSED_FUNCTION = YES;
				GCC_WARN_UNUSED_VARIABLE = YES;
				IPHONEOS_DEPLOYMENT_TARGET = 13.2;
				MTL_ENABLE_DEBUG_INFO = NO;
				MTL_FAST_MATH = YES;
				SDKROOT = iphoneos;
				SWIFT_COMPILATION_MODE = wholemodule;
				SWIFT_OPTIMIZATION_LEVEL = "-O";
				VALIDATE_PRODUCT = YES;
			};
			name = Release;
		};
		FEB7A6BB241A35110042FC1E /* Debug */ = {
			isa = XCBuildConfiguration;
			buildSettings = {
				ASSETCATALOG_COMPILER_APPICON_NAME = AppIcon;
				CODE_SIGN_STYLE = Automatic;
				INFOPLIST_FILE = nc2SegueExercise/Info.plist;
				LD_RUNPATH_SEARCH_PATHS = (
					"$(inherited)",
					"@executable_path/Frameworks",
				);
				PRODUCT_BUNDLE_IDENTIFIER = "Apple-Academy.nc2SegueExercise";
				PRODUCT_NAME = "$(TARGET_NAME)";
				SWIFT_VERSION = 5.0;
				TARGETED_DEVICE_FAMILY = "1,2";
			};
			name = Debug;
		};
		FEB7A6BC241A35110042FC1E /* Release */ = {
			isa = XCBuildConfiguration;
			buildSettings = {
				ASSETCATALOG_COMPILER_APPICON_NAME = AppIcon;
				CODE_SIGN_STYLE = Automatic;
				INFOPLIST_FILE = nc2SegueExercise/Info.plist;
				LD_RUNPATH_SEARCH_PATHS = (
					"$(inherited)",
					"@executable_path/Frameworks",
				);
				PRODUCT_BUNDLE_IDENTIFIER = "Apple-Academy.nc2SegueExercise";
				PRODUCT_NAME = "$(TARGET_NAME)";
				SWIFT_VERSION = 5.0;
				TARGETED_DEVICE_FAMILY = "1,2";
			};
			name = Release;
		};
/* End XCBuildConfiguration section */

/* Begin XCConfigurationList section */
		FEB7A6A1241A350F0042FC1E /* Build configuration list for PBXProject "nc2SegueExercise" */ = {
			isa = XCConfigurationList;
			buildConfigurations = (
				FEB7A6B8241A35110042FC1E /* Debug */,
				FEB7A6B9241A35110042FC1E /* Release */,
			);
			defaultConfigurationIsVisible = 0;
			defaultConfigurationName = Release;
		};
		FEB7A6BA241A35110042FC1E /* Build configuration list for PBXNativeTarget "nc2SegueExercise" */ = {
			isa = XCConfigurationList;
			buildConfigurations = (
				FEB7A6BB241A35110042FC1E /* Debug */,
				FEB7A6BC241A35110042FC1E /* Release */,
			);
			defaultConfigurationIsVisible = 0;
			defaultConfigurationName = Release;
		};
/* End XCConfigurationList section */
	};
	rootObject = FEB7A69E241A350F0042FC1E /* Project object */;
}
